
Microsoft Visual Studio Solution File, Format Version 12.00
# Visual Studio 15
VisualStudioVersion = 15.0.27130.2036
MinimumVisualStudioVersion = 10.0.40219.1
Project("{FAE04EC0-301F-11D3-BF4B-00C04F79EFBC}") = "MessageProcessor", "MessageProcessor\MessageProcessor.csproj", "{67394D87-6ED9-44C8-A5A0-8F5415439FDF}"
EndProject
Project("{E53339B2-1760-4266-BCC7-CA923CBCF16C}") = "docker-compose", "docker-compose.dcproj", "{834CEB12-3231-4EDE-A874-4408CD47E316}"
EndProject
Project("{FAE04EC0-301F-11D3-BF4B-00C04F79EFBC}") = "Admin", "Admin\Admin.csproj", "{6A9FDA88-3C80-4898-966E-B4281AC9813C}"
EndProject
Project("{FAE04EC0-301F-11D3-BF4B-00C04F79EFBC}") = "api", "api\api.csproj", "{AD47B59A-2DDC-4C85-A8C9-EB61EF01607E}"
EndProject
Project("{FAE04EC0-301F-11D3-BF4B-00C04F79EFBC}") = "Screen", "Screen\Screen.csproj", "{06F67208-CE8C-4E48-A779-CC783867C5C2}"
EndProject
Global
	GlobalSection(SolutionConfigurationPlatforms) = preSolution
		Debug|Any CPU = Debug|Any CPU
		Release|Any CPU = Release|Any CPU
	EndGlobalSection
	GlobalSection(ProjectConfigurationPlatforms) = postSolution
		{67394D87-6ED9-44C8-A5A0-8F5415439FDF}.Debug|Any CPU.ActiveCfg = Debug|Any CPU
		{67394D87-6ED9-44C8-A5A0-8F5415439FDF}.Debug|Any CPU.Build.0 = Debug|Any CPU
		{67394D87-6ED9-44C8-A5A0-8F5415439FDF}.Release|Any CPU.ActiveCfg = Release|Any CPU
		{67394D87-6ED9-44C8-A5A0-8F5415439FDF}.Release|Any CPU.Build.0 = Release|Any CPU
		{834CEB12-3231-4EDE-A874-4408CD47E316}.Debug|Any CPU.ActiveCfg = Debug|Any CPU
		{834CEB12-3231-4EDE-A874-4408CD47E316}.Debug|Any CPU.Build.0 = Debug|Any CPU
		{834CEB12-3231-4EDE-A874-4408CD47E316}.Release|Any CPU.ActiveCfg = Release|Any CPU
		{834CEB12-3231-4EDE-A874-4408CD47E316}.Release|Any CPU.Build.0 = Release|Any CPU
		{6A9FDA88-3C80-4898-966E-B4281AC9813C}.Debug|Any CPU.ActiveCfg = Debug|Any CPU
		{6A9FDA88-3C80-4898-966E-B4281AC9813C}.Debug|Any CPU.Build.0 = Debug|Any CPU
		{6A9FDA88-3C80-4898-966E-B4281AC9813C}.Release|Any CPU.ActiveCfg = Release|Any CPU
		{6A9FDA88-3C80-4898-966E-B4281AC9813C}.Release|Any CPU.Build.0 = Release|Any CPU
		{AD47B59A-2DDC-4C85-A8C9-EB61EF01607E}.Debug|Any CPU.ActiveCfg = Debug|Any CPU
		{AD47B59A-2DDC-4C85-A8C9-EB61EF01607E}.Debug|Any CPU.Build.0 = Debug|Any CPU
		{AD47B59A-2DDC-4C85-A8C9-EB61EF01607E}.Release|Any CPU.ActiveCfg = Release|Any CPU
		{AD47B59A-2DDC-4C85-A8C9-EB61EF01607E}.Release|Any CPU.Build.0 = Release|Any CPU
		{06F67208-CE8C-4E48-A779-CC783867C5C2}.Debug|Any CPU.ActiveCfg = Debug|Any CPU
		{06F67208-CE8C-4E48-A779-CC783867C5C2}.Debug|Any CPU.Build.0 = Debug|Any CPU
		{06F67208-CE8C-4E48-A779-CC783867C5C2}.Release|Any CPU.ActiveCfg = Release|Any CPU
		{06F67208-CE8C-4E48-A779-CC783867C5C2}.Release|Any CPU.Build.0 = Release|Any CPU
	EndGlobalSection
	GlobalSection(SolutionProperties) = preSolution
		HideSolutionNode = FALSE
	EndGlobalSection
	GlobalSection(ExtensibilityGlobals) = postSolution
		SolutionGuid = {ECA2B1A6-FD33-4CB7-AE8A-2C66B58009B8}
	EndGlobalSection
EndGlobal
